github.com/cometbft/cometbft v0.38.0 h1:ogKnpiPX7gxCvqTEF4ly25/wAxUqf181t30P3vqdpdc=
github.com/cometbft/cometbft v0.38.0/go.mod h1:5Jz0Z8YsHSf0ZaAqGvi/ifioSdVFPtEGrm8Y9T/993k=
github.com/cometbft/cometbft v0.38.5/go.mod h1:0tqKin+KQs8zDwzYD8rPHzSBIDNPuB4NrwwGDNb/hUg=
github.com/cometbft/cometbft v1.0.1 h1:JNVgbpL76sA4kXmBnyZ7iPjFAxi6HVp2l+rdT2RXVUs=
github.com/cometbft/cometbft v1.0.1/go.mod h1:r9fEwrbU6Oxs11I2bLsfAiG37OMn0Vip0w9arYU0Nw0=
